
Microsoft Visual Studio Solution File, Format Version 12.00
# Visual Studio 15
VisualStudioVersion = 15.0.26124.0
MinimumVisualStudioVersion = 15.0.26124.0
Project("{FAE04EC0-301F-11D3-BF4B-00C04F79EFBC}") = "Domain", "Domain\Domain.csproj", "{021C728A-3E5D-4564-9907-0E37087CB93A}"
EndProject
Project("{FAE04EC0-301F-11D3-BF4B-00C04F79EFBC}") = "Application", "Application\Application.csproj", "{92B71931-F7D9-4632-886D-CD55502F13B2}"
EndProject
Project("{FAE04EC0-301F-11D3-BF4B-00C04F79EFBC}") = "Persistence", "Persistence\Persistence.csproj", "{19F5F7DD-340C-4893-A1BC-73D04D4BB2BD}"
EndProject
Project("{FAE04EC0-301F-11D3-BF4B-00C04F79EFBC}") = "API", "API\API.csproj", "{39DD83AB-BADD-45C6-9C83-DEBE2FD46E9D}"
EndProject
Project("{FAE04EC0-301F-11D3-BF4B-00C04F79EFBC}") = "Infrastructure", "Infrastructure\Infrastructure.csproj", "{8530A54A-7F4B-46C9-9601-F255C91ABF2E}"
EndProject
Global
	GlobalSection(SolutionConfigurationPlatforms) = preSolution
		Debug|Any CPU = Debug|Any CPU
		Debug|x64 = Debug|x64
		Debug|x86 = Debug|x86
		Release|Any CPU = Release|Any CPU
		Release|x64 = Release|x64
		Release|x86 = Release|x86
	EndGlobalSection
	GlobalSection(SolutionProperties) = preSolution
		HideSolutionNode = FALSE
	EndGlobalSection
	GlobalSection(ProjectConfigurationPlatforms) = postSolution
		{021C728A-3E5D-4564-9907-0E37087CB93A}.Debug|Any CPU.ActiveCfg = Debug|Any CPU
		{021C728A-3E5D-4564-9907-0E37087CB93A}.Debug|Any CPU.Build.0 = Debug|Any CPU
		{021C728A-3E5D-4564-9907-0E37087CB93A}.Debug|x64.ActiveCfg = Debug|Any CPU
		{021C728A-3E5D-4564-9907-0E37087CB93A}.Debug|x64.Build.0 = Debug|Any CPU
		{021C728A-3E5D-4564-9907-0E37087CB93A}.Debug|x86.ActiveCfg = Debug|Any CPU
		{021C728A-3E5D-4564-9907-0E37087CB93A}.Debug|x86.Build.0 = Debug|Any CPU
		{021C728A-3E5D-4564-9907-0E37087CB93A}.Release|Any CPU.ActiveCfg = Release|Any CPU
		{021C728A-3E5D-4564-9907-0E37087CB93A}.Release|Any CPU.Build.0 = Release|Any CPU
		{021C728A-3E5D-4564-9907-0E37087CB93A}.Release|x64.ActiveCfg = Release|Any CPU
		{021C728A-3E5D-4564-9907-0E37087CB93A}.Release|x64.Build.0 = Release|Any CPU
		{021C728A-3E5D-4564-9907-0E37087CB93A}.Release|x86.ActiveCfg = Release|Any CPU
		{021C728A-3E5D-4564-9907-0E37087CB93A}.Release|x86.Build.0 = Release|Any CPU
		{92B71931-F7D9-4632-886D-CD55502F13B2}.Debug|Any CPU.ActiveCfg = Debug|Any CPU
		{92B71931-F7D9-4632-886D-CD55502F13B2}.Debug|Any CPU.Build.0 = Debug|Any CPU
		{92B71931-F7D9-4632-886D-CD55502F13B2}.Debug|x64.ActiveCfg = Debug|Any CPU
		{92B71931-F7D9-4632-886D-CD55502F13B2}.Debug|x64.Build.0 = Debug|Any CPU
		{92B71931-F7D9-4632-886D-CD55502F13B2}.Debug|x86.ActiveCfg = Debug|Any CPU
		{92B71931-F7D9-4632-886D-CD55502F13B2}.Debug|x86.Build.0 = Debug|Any CPU
		{92B71931-F7D9-4632-886D-CD55502F13B2}.Release|Any CPU.ActiveCfg = Release|Any CPU
		{92B71931-F7D9-4632-886D-CD55502F13B2}.Release|Any CPU.Build.0 = Release|Any CPU
		{92B71931-F7D9-4632-886D-CD55502F13B2}.Release|x64.ActiveCfg = Release|Any CPU
		{92B71931-F7D9-4632-886D-CD55502F13B2}.Release|x64.Build.0 = Release|Any CPU
		{92B71931-F7D9-4632-886D-CD55502F13B2}.Release|x86.ActiveCfg = Release|Any CPU
		{92B71931-F7D9-4632-886D-CD55502F13B2}.Release|x86.Build.0 = Release|Any CPU
		{19F5F7DD-340C-4893-A1BC-73D04D4BB2BD}.Debug|Any CPU.ActiveCfg = Debug|Any CPU
		{19F5F7DD-340C-4893-A1BC-73D04D4BB2BD}.Debug|Any CPU.Build.0 = Debug|Any CPU
		{19F5F7DD-340C-4893-A1BC-73D04D4BB2BD}.Debug|x64.ActiveCfg = Debug|Any CPU
		{19F5F7DD-340C-4893-A1BC-73D04D4BB2BD}.Debug|x64.Build.0 = Debug|Any CPU
		{19F5F7DD-340C-4893-A1BC-73D04D4BB2BD}.Debug|x86.ActiveCfg = Debug|Any CPU
		{19F5F7DD-340C-4893-A1BC-73D04D4BB2BD}.Debug|x86.Build.0 = Debug|Any CPU
		{19F5F7DD-340C-4893-A1BC-73D04D4BB2BD}.Release|Any CPU.ActiveCfg = Release|Any CPU
		{19F5F7DD-340C-4893-A1BC-73D04D4BB2BD}.Release|Any CPU.Build.0 = Release|Any CPU
		{19F5F7DD-340C-4893-A1BC-73D04D4BB2BD}.Release|x64.ActiveCfg = Release|Any CPU
		{19F5F7DD-340C-4893-A1BC-73D04D4BB2BD}.Release|x64.Build.0 = Release|Any CPU
		{19F5F7DD-340C-4893-A1BC-73D04D4BB2BD}.Release|x86.ActiveCfg = Release|Any CPU
		{19F5F7DD-340C-4893-A1BC-73D04D4BB2BD}.Release|x86.Build.0 = Release|Any CPU
		{39DD83AB-BADD-45C6-9C83-DEBE2FD46E9D}.Debug|Any CPU.ActiveCfg = Debug|Any CPU
		{39DD83AB-BADD-45C6-9C83-DEBE2FD46E9D}.Debug|Any CPU.Build.0 = Debug|Any CPU
		{39DD83AB-BADD-45C6-9C83-DEBE2FD46E9D}.Debug|x64.ActiveCfg = Debug|Any CPU
		{39DD83AB-BADD-45C6-9C83-DEBE2FD46E9D}.Debug|x64.Build.0 = Debug|Any CPU
		{39DD83AB-BADD-45C6-9C83-DEBE2FD46E9D}.Debug|x86.ActiveCfg = Debug|Any CPU
		{39DD83AB-BADD-45C6-9C83-DEBE2FD46E9D}.Debug|x86.Build.0 = Debug|Any CPU
		{39DD83AB-BADD-45C6-9C83-DEBE2FD46E9D}.Release|Any CPU.ActiveCfg = Release|Any CPU
		{39DD83AB-BADD-45C6-9C83-DEBE2FD46E9D}.Release|Any CPU.Build.0 = Release|Any CPU
		{39DD83AB-BADD-45C6-9C83-DEBE2FD46E9D}.Release|x64.ActiveCfg = Release|Any CPU
		{39DD83AB-BADD-45C6-9C83-DEBE2FD46E9D}.Release|x64.Build.0 = Release|Any CPU
		{39DD83AB-BADD-45C6-9C83-DEBE2FD46E9D}.Release|x86.ActiveCfg = Release|Any CPU
		{39DD83AB-BADD-45C6-9C83-DEBE2FD46E9D}.Release|x86.Build.0 = Release|Any CPU
		{8530A54A-7F4B-46C9-9601-F255C91ABF2E}.Debug|Any CPU.ActiveCfg = Debug|Any CPU
		{8530A54A-7F4B-46C9-9601-F255C91ABF2E}.Debug|Any CPU.Build.0 = Debug|Any CPU
		{8530A54A-7F4B-46C9-9601-F255C91ABF2E}.Debug|x64.ActiveCfg = Debug|Any CPU
		{8530A54A-7F4B-46C9-9601-F255C91ABF2E}.Debug|x64.Build.0 = Debug|Any CPU
		{8530A54A-7F4B-46C9-9601-F255C91ABF2E}.Debug|x86.ActiveCfg = Debug|Any CPU
		{8530A54A-7F4B-46C9-9601-F255C91ABF2E}.Debug|x86.Build.0 = Debug|Any CPU
		{8530A54A-7F4B-46C9-9601-F255C91ABF2E}.Release|Any CPU.ActiveCfg = Release|Any CPU
		{8530A54A-7F4B-46C9-9601-F255C91ABF2E}.Release|Any CPU.Build.0 = Release|Any CPU
		{8530A54A-7F4B-46C9-9601-F255C91ABF2E}.Release|x64.ActiveCfg = Release|Any CPU
		{8530A54A-7F4B-46C9-9601-F255C91ABF2E}.Release|x64.Build.0 = Release|Any CPU
		{8530A54A-7F4B-46C9-9601-F255C91ABF2E}.Release|x86.ActiveCfg = Release|Any CPU
		{8530A54A-7F4B-46C9-9601-F255C91ABF2E}.Release|x86.Build.0 = Release|Any CPU
	EndGlobalSection
EndGlobal
